
Microsoft Visual Studio Solution File, Format Version 12.00
# Visual Studio Version 16
VisualStudioVersion = 16.0.30804.86
MinimumVisualStudioVersion = 10.0.40219.1
Project("{FAE04EC0-301F-11D3-BF4B-00C04F79EFBC}") = "ReactApp", "ReactApp.csproj", "{DDF8648E-D0DA-499E-8963-2FC06201AE55}"
EndProject
Global
	GlobalSection(SolutionConfigurationPlatforms) = preSolution
		Debug|Any CPU = Debug|Any CPU
		Release|Any CPU = Release|Any CPU
	EndGlobalSection
	GlobalSection(ProjectConfigurationPlatforms) = postSolution
		{DDF8648E-D0DA-499E-8963-2FC06201AE55}.Debug|Any CPU.ActiveCfg = Debug|Any CPU
		{DDF8648E-D0DA-499E-8963-2FC06201AE55}.Debug|Any CPU.Build.0 = Debug|Any CPU
		{DDF8648E-D0DA-499E-8963-2FC06201AE55}.Release|Any CPU.ActiveCfg = Release|Any CPU
		{DDF8648E-D0DA-499E-8963-2FC06201AE55}.Release|Any CPU.Build.0 = Release|Any CPU
	EndGlobalSection
	GlobalSection(SolutionProperties) = preSolution
		HideSolutionNode = FALSE
	EndGlobalSection
	GlobalSection(ExtensibilityGlobals) = postSolution
		SolutionGuid = {795EDA77-E3AF-4653-87AA-1C1661356C1C}
	EndGlobalSection
EndGlobal
